Microsoft Visual Studio Solution File, Format Version 12.00
# Visual Studio Version 17
VisualStudioVersion = 17.5.2.0
MinimumVisualStudioVersion = 10.0.40219.1
Project("{2150E333-8FDC-42A3-9474-1A3956D46DE8}") = "minor", "minor", "{881A24EF-BFCC-0DF7-8307-B5A6ED123A73}"
EndProject
Project("{FAE04EC0-301F-11D3-BF4B-00C04F79EFBC}") = "Module01_Intro", "minor\Module01_Intro\Module01_Intro.csproj", "{EE2B032E-4C0F-0042-0245-A29EA41DD6DF}"
EndProject
Global
	GlobalSection(SolutionConfigurationPlatforms) = preSolution
		Debug|Any CPU = Debug|Any CPU
		Release|Any CPU = Release|Any CPU
	EndGlobalSection
	GlobalSection(ProjectConfigurationPlatforms) = postSolution
		{EE2B032E-4C0F-0042-0245-A29EA41DD6DF}.Debug|Any CPU.ActiveCfg = Debug|Any CPU
		{EE2B032E-4C0F-0042-0245-A29EA41DD6DF}.Debug|Any CPU.Build.0 = Debug|Any CPU
		{EE2B032E-4C0F-0042-0245-A29EA41DD6DF}.Release|Any CPU.ActiveCfg = Release|Any CPU
		{EE2B032E-4C0F-0042-0245-A29EA41DD6DF}.Release|Any CPU.Build.0 = Release|Any CPU
	EndGlobalSection
	GlobalSection(SolutionProperties) = preSolution
		HideSolutionNode = FALSE
	EndGlobalSection
	GlobalSection(NestedProjects) = preSolution
		{EE2B032E-4C0F-0042-0245-A29EA41DD6DF} = {881A24EF-BFCC-0DF7-8307-B5A6ED123A73}
	EndGlobalSection
	GlobalSection(ExtensibilityGlobals) = postSolution
		SolutionGuid = {49EADC28-8203-4AF6-BDD3-5EA7272B06EC}
	EndGlobalSection
EndGlobal
